{
  "version": 4,
  "terraform_version": "1.7.5",
  "serial": 111,
  "lineage": "3aa07278-fd50-0434-b06c-7560a19171ac",
  "outputs": {},
  "resources": [
    {
      "mode": "managed",
      "type": "google_sql_database_instance",
      "name": "instance",
      "provider": "provider[\"registry.terraform.io/hashicorp/google\"]",
      "instances": [
        {
          "schema_version": 0,
          "attributes": {
            "available_maintenance_versions": [],
            "clone": [],
            "connection_name": "nse-data-engineering:asia-south1:nse-deploy-mage-db-instance",
            "database_version": "POSTGRES_14",
            "deletion_protection": false,
            "dns_name": "",
            "encryption_key_name": null,
            "first_ip_address": "34.93.20.8",
            "id": "nse-deploy-mage-db-instance",
            "instance_type": "CLOUD_SQL_INSTANCE",
            "ip_address": [
              {
                "ip_address": "34.93.20.8",
                "time_to_retire": "",
                "type": "PRIMARY"
              },
              {
                "ip_address": "35.200.204.3",
                "time_to_retire": "",
                "type": "OUTGOING"
              }
            ],
            "maintenance_version": "POSTGRES_14_10.R20240130.00_07",
            "master_instance_name": "",
            "name": "nse-deploy-mage-db-instance",
            "private_ip_address": "",
            "project": "nse-data-engineering",
            "psc_service_attachment_link": "",
            "public_ip_address": "34.93.20.8",
            "region": "asia-south1",
            "replica_configuration": [],
            "restore_backup_context": [],
            "root_password": null,
            "self_link": "https://sqladmin.googleapis.com/sql/v1beta4/projects/nse-data-engineering/instances/nse-deploy-mage-db-instance",
            "server_ca_cert": [
              {
                "cert": "-----BEGIN CERTIFICATE-----\nMIIDfzCCAmegAwIBAgIBADANBgkqhkiG9w0BAQsFADB3MS0wKwYDVQQuEyRjOTA2\nMGIwMS0zZTc0LTRlMzQtOWE2My0xZTQzYjRjMDMwYmExIzAhBgNVBAMTGkdvb2ds\nZSBDbG91ZCBTUUwgU2VydmVyIENBMRQwEgYDVQQKEwtHb29nbGUsIEluYzELMAkG\nA1UEBhMCVVMwHhcNMjQwMzI0MDQwNzE4WhcNMzQwMzIyMDQwODE4WjB3MS0wKwYD\nVQQuEyRjOTA2MGIwMS0zZTc0LTRlMzQtOWE2My0xZTQzYjRjMDMwYmExIzAhBgNV\nBAMTGkdvb2dsZSBDbG91ZCBTUUwgU2VydmVyIENBMRQwEgYDVQQKEwtHb29nbGUs\nIEluYzELMAkGA1UEBhMCVVMwggEiMA0GCSqGSIb3DQEBAQUAA4IBDwAwggEKAoIB\nAQCq/aQ7K7uO0mAk+i6u7+iylO8VMr3BLkNvsGO7c4WNjaGpkd+W0oO5/62KkQml\n+kNBd1aHQ/QQO2GGJqGH5iIgNekDbDabaP6MvUF4yD5aDDRoY5rvoKp6wAEtM8/4\nCJNS42qaQ5CqL7thXsBzQt+yiQEM3PjKQKp+LLQmShORtYcijAIoFZ16Ntd1TuXL\nQWrIP+Py81fJdKjLakpX9hoWsp9lZC8x/uMuFlN5+4ULoIGZ1c+oOJ98UZ3m7NrR\nhusHTyXIgA8drApEodZtI9m5YiM2wFDvfoYVI4N4JKxW76pdnErpdYLK3AUzDsKa\nLQ6XhSy1rQeNuT6JPiLdQ00xAgMBAAGjFjAUMBIGA1UdEwEB/wQIMAYBAf8CAQAw\nDQYJKoZIhvcNAQELBQADggEBAGhQv2lpL0hSmQh4z6R1CFAqE+r+FuZKSIyNpMow\nxlheY3i2284dAAVwr3LXFli+QVnOZP1eNjzui2G3UyPA+307AYZLvbXIwWysJ8L4\nrevbtPIwCKhdfJ5TkF2YxosFj6R3Gr7qe0ibFqgIS2LbkOtsuc1PZCoMGdb8xL5h\nkPjKow6s32H9hvJb9QvX8YKgLgkKeNKoEU9ctyUAR2w1hz1NCl9OSnZIdHzfsB4q\nXxX/R3fxsx7LwykKlsa9uGhIU58s89fBo+cnMpJb/syhJ7qkhtsPO7JpbDccIVhB\n4KSWXnv8uEy1OfrTAYSsoBQ5xAnm7Z2vomgwT9YVvL1Hw8Q=\n-----END CERTIFICATE-----",
                "common_name": "C=US,O=Google\\, Inc,CN=Google Cloud SQL Server CA,dnQualifier=c9060b01-3e74-4e34-9a63-1e43b4c030ba",
                "create_time": "2024-03-24T04:07:18.128Z",
                "expiration_time": "2034-03-22T04:08:18.128Z",
                "sha1_fingerprint": "b41e4eb287af91b9aff74bb5c931c297c02b9d7d"
              }
            ],
            "service_account_email_address": "p862589633410-3dckab@gcp-sa-cloud-sql.iam.gserviceaccount.com",
            "settings": [
              {
                "activation_policy": "ALWAYS",
                "active_directory_config": [],
                "advanced_machine_features": [],
                "availability_type": "ZONAL",
                "backup_configuration": [
                  {
                    "backup_retention_settings": [
                      {
                        "retained_backups": 7,
                        "retention_unit": "COUNT"
                      }
                    ],
                    "binary_log_enabled": false,
                    "enabled": false,
                    "location": "",
                    "point_in_time_recovery_enabled": false,
                    "start_time": "19:00",
                    "transaction_log_retention_days": 7
                  }
                ],
                "collation": "",
                "connector_enforcement": "NOT_REQUIRED",
                "data_cache_config": [],
                "database_flags": [
                  {
                    "name": "max_connections",
                    "value": "50"
                  }
                ],
                "deletion_protection_enabled": false,
                "deny_maintenance_period": [],
                "disk_autoresize": true,
                "disk_autoresize_limit": 0,
                "disk_size": 10,
                "disk_type": "PD_SSD",
                "edition": "",
                "insights_config": [],
                "ip_configuration": [
                  {
                    "allocated_ip_range": "",
                    "authorized_networks": [],
                    "enable_private_path_for_google_cloud_services": false,
                    "ipv4_enabled": true,
                    "private_network": "",
                    "psc_config": [],
                    "require_ssl": false
                  }
                ],
                "location_preference": [
                  {
                    "follow_gae_application": "",
                    "secondary_zone": "",
                    "zone": "asia-south1-c"
                  }
                ],
                "maintenance_window": [],
                "password_validation_policy": [],
                "pricing_plan": "PER_USE",
                "sql_server_audit_config": [],
                "tier": "db-f1-micro",
                "time_zone": "",
                "user_labels": {},
                "version": 1
              }
            ],
            "timeouts": null
          },
          "sensitive_attributes": [],
          "private": "eyJlMmJmYjczMC1lY2FhLTExZTYtOGY4OC0zNDM2M2JjN2M0YzAiOnsiY3JlYXRlIjoyNDAwMDAwMDAwMDAwLCJkZWxldGUiOjE4MDAwMDAwMDAwMDAsInVwZGF0ZSI6MTgwMDAwMDAwMDAwMH19"
        }
      ]
    },
    {
      "mode": "managed",
      "type": "google_sql_user",
      "name": "database-user",
      "provider": "provider[\"registry.terraform.io/hashicorp/google\"]",
      "instances": [
        {
          "schema_version": 1,
          "attributes": {
            "deletion_policy": null,
            "host": "",
            "id": "mageuser//nse-deploy-mage-db-instance",
            "instance": "nse-deploy-mage-db-instance",
            "name": "mageuser",
            "password": "password",
            "password_policy": [],
            "project": "nse-data-engineering",
            "sql_server_user_details": [],
            "timeouts": null,
            "type": ""
          },
          "sensitive_attributes": [
            [
              {
                "type": "get_attr",
                "value": "password"
              }
            ]
          ],
          "private": "eyJlMmJmYjczMC1lY2FhLTExZTYtOGY4OC0zNDM2M2JjN2M0YzAiOnsiY3JlYXRlIjo2MDAwMDAwMDAwMDAsImRlbGV0ZSI6NjAwMDAwMDAwMDAwLCJ1cGRhdGUiOjYwMDAwMDAwMDAwMH0sInNjaGVtYV92ZXJzaW9uIjoiMSJ9",
          "dependencies": [
            "google_sql_database_instance.instance"
          ]
        }
      ]
    }
  ],
  "check_results": null
}
