{
  "version": 4,
  "terraform_version": "1.7.5",
  "serial": 56,
  "lineage": "3aa07278-fd50-0434-b06c-7560a19171ac",
  "outputs": {
    "service_ip": {
      "value": "35.244.156.160",
      "type": "string"
    }
  },
  "resources": [
    {
      "mode": "data",
      "type": "http",
      "name": "myip",
      "provider": "provider[\"registry.terraform.io/hashicorp/http\"]",
      "instances": [
        {
          "schema_version": 0,
          "attributes": {
            "body": "13.71.45.124\n",
            "ca_cert_pem": null,
            "id": "http://ipv4.icanhazip.com",
            "insecure": null,
            "method": null,
            "request_body": null,
            "request_headers": null,
            "request_timeout_ms": null,
            "response_body": "13.71.45.124\n",
            "response_body_base64": "MTMuNzEuNDUuMTI0Cg==",
            "response_headers": {
              "Access-Control-Allow-Methods": "GET",
              "Access-Control-Allow-Origin": "*",
              "Alt-Svc": "h3=\":443\"; ma=86400",
              "Cf-Ray": "86901d195f002e28-BOM",
              "Connection": "keep-alive",
              "Content-Length": "13",
              "Content-Type": "text/plain",
              "Date": "Sat, 23 Mar 2024 17:24:12 GMT",
              "Server": "cloudflare",
              "Set-Cookie": "__cf_bm=o.vHHcjKRhWxH.VlCO3LzqxpAB9NZDaqsMU4TaGLVHM-1711214652-1.0.1.1-LrCbT2S99tOPxZEoZ0q2XRuDnkHiVqhSR8y2FF5MjG1OexTYiR13vtsHlR6Utndyd0kBEaE7KwUrJh59WDUxUg; path=/; expires=Sat, 23-Mar-24 17:54:12 GMT; domain=.icanhazip.com; HttpOnly; SameSite=None",
              "Vary": "Accept-Encoding"
            },
            "retry": null,
            "status_code": 200,
            "url": "http://ipv4.icanhazip.com"
          },
          "sensitive_attributes": []
        }
      ]
    },
    {
      "mode": "managed",
      "type": "google_compute_security_policy",
      "name": "policy",
      "provider": "provider[\"registry.terraform.io/hashicorp/google\"]",
      "instances": [
        {
          "schema_version": 0,
          "attributes": {
            "adaptive_protection_config": [],
            "advanced_options_config": [],
            "description": "",
            "fingerprint": "X1oVK_OUwSQ=",
            "id": "projects/nse-data-engineering/global/securityPolicies/nse-deploy-mage-security-policy",
            "name": "nse-deploy-mage-security-policy",
            "project": "nse-data-engineering",
            "recaptcha_options_config": [],
            "rule": [
              {
                "action": "allow",
                "description": "Whitelist IP",
                "header_action": [],
                "match": [
                  {
                    "config": [
                      {
                        "src_ip_ranges": [
                          "13.71.45.124/32"
                        ]
                      }
                    ],
                    "expr": [],
                    "versioned_expr": "SRC_IPS_V1"
                  }
                ],
                "preview": false,
                "priority": 100,
                "rate_limit_options": [],
                "redirect_options": []
              },
              {
                "action": "deny(403)",
                "description": "default rule",
                "header_action": [],
                "match": [
                  {
                    "config": [
                      {
                        "src_ip_ranges": [
                          "*"
                        ]
                      }
                    ],
                    "expr": [],
                    "versioned_expr": "SRC_IPS_V1"
                  }
                ],
                "preview": false,
                "priority": 2147483647,
                "rate_limit_options": [],
                "redirect_options": []
              }
            ],
            "self_link": "https://www.googleapis.com/compute/v1/projects/nse-data-engineering/global/securityPolicies/nse-deploy-mage-security-policy",
            "timeouts": null,
            "type": "CLOUD_ARMOR"
          },
          "sensitive_attributes": [],
          "private": "eyJlMmJmYjczMC1lY2FhLTExZTYtOGY4OC0zNDM2M2JjN2M0YzAiOnsiY3JlYXRlIjo0ODAwMDAwMDAwMDAsImRlbGV0ZSI6NDgwMDAwMDAwMDAwLCJ1cGRhdGUiOjQ4MDAwMDAwMDAwMH19",
          "dependencies": [
            "data.http.myip"
          ]
        }
      ]
    },
    {
      "mode": "managed",
      "type": "google_project_service",
      "name": "artifactregistry",
      "provider": "provider[\"registry.terraform.io/hashicorp/google\"]",
      "instances": [
        {
          "schema_version": 0,
          "attributes": {
            "disable_dependent_services": null,
            "disable_on_destroy": false,
            "id": "nse-data-engineering/artifactregistry.googleapis.com",
            "project": "nse-data-engineering",
            "service": "artifactregistry.googleapis.com",
            "timeouts": null
          },
          "sensitive_attributes": [],
          "private": "eyJlMmJmYjczMC1lY2FhLTExZTYtOGY4OC0zNDM2M2JjN2M0YzAiOnsiY3JlYXRlIjoxMjAwMDAwMDAwMDAwLCJkZWxldGUiOjEyMDAwMDAwMDAwMDAsInJlYWQiOjYwMDAwMDAwMDAwMCwidXBkYXRlIjoxMjAwMDAwMDAwMDAwfX0="
        }
      ]
    },
    {
      "mode": "managed",
      "type": "google_project_service",
      "name": "cloudrun",
      "provider": "provider[\"registry.terraform.io/hashicorp/google\"]",
      "instances": [
        {
          "schema_version": 0,
          "attributes": {
            "disable_dependent_services": null,
            "disable_on_destroy": false,
            "id": "nse-data-engineering/run.googleapis.com",
            "project": "nse-data-engineering",
            "service": "run.googleapis.com",
            "timeouts": null
          },
          "sensitive_attributes": [],
          "private": "eyJlMmJmYjczMC1lY2FhLTExZTYtOGY4OC0zNDM2M2JjN2M0YzAiOnsiY3JlYXRlIjoxMjAwMDAwMDAwMDAwLCJkZWxldGUiOjEyMDAwMDAwMDAwMDAsInJlYWQiOjYwMDAwMDAwMDAwMCwidXBkYXRlIjoxMjAwMDAwMDAwMDAwfX0="
        }
      ]
    },
    {
      "mode": "managed",
      "type": "google_project_service",
      "name": "iam",
      "provider": "provider[\"registry.terraform.io/hashicorp/google\"]",
      "instances": [
        {
          "schema_version": 0,
          "attributes": {
            "disable_dependent_services": null,
            "disable_on_destroy": false,
            "id": "nse-data-engineering/iam.googleapis.com",
            "project": "nse-data-engineering",
            "service": "iam.googleapis.com",
            "timeouts": null
          },
          "sensitive_attributes": [],
          "private": "eyJlMmJmYjczMC1lY2FhLTExZTYtOGY4OC0zNDM2M2JjN2M0YzAiOnsiY3JlYXRlIjoxMjAwMDAwMDAwMDAwLCJkZWxldGUiOjEyMDAwMDAwMDAwMDAsInJlYWQiOjYwMDAwMDAwMDAwMCwidXBkYXRlIjoxMjAwMDAwMDAwMDAwfX0="
        }
      ]
    },
    {
      "mode": "managed",
      "type": "google_project_service",
      "name": "resourcemanager",
      "provider": "provider[\"registry.terraform.io/hashicorp/google\"]",
      "instances": [
        {
          "schema_version": 0,
          "attributes": {
            "disable_dependent_services": null,
            "disable_on_destroy": false,
            "id": "nse-data-engineering/cloudresourcemanager.googleapis.com",
            "project": "nse-data-engineering",
            "service": "cloudresourcemanager.googleapis.com",
            "timeouts": null
          },
          "sensitive_attributes": [],
          "private": "eyJlMmJmYjczMC1lY2FhLTExZTYtOGY4OC0zNDM2M2JjN2M0YzAiOnsiY3JlYXRlIjoxMjAwMDAwMDAwMDAwLCJkZWxldGUiOjEyMDAwMDAwMDAwMDAsInJlYWQiOjYwMDAwMDAwMDAwMCwidXBkYXRlIjoxMjAwMDAwMDAwMDAwfX0="
        }
      ]
    },
    {
      "mode": "managed",
      "type": "google_project_service",
      "name": "secretmanager",
      "provider": "provider[\"registry.terraform.io/hashicorp/google\"]",
      "instances": [
        {
          "schema_version": 0,
          "attributes": {
            "disable_dependent_services": null,
            "disable_on_destroy": false,
            "id": "nse-data-engineering/secretmanager.googleapis.com",
            "project": "nse-data-engineering",
            "service": "secretmanager.googleapis.com",
            "timeouts": null
          },
          "sensitive_attributes": [],
          "private": "eyJlMmJmYjczMC1lY2FhLTExZTYtOGY4OC0zNDM2M2JjN2M0YzAiOnsiY3JlYXRlIjoxMjAwMDAwMDAwMDAwLCJkZWxldGUiOjEyMDAwMDAwMDAwMDAsInJlYWQiOjYwMDAwMDAwMDAwMCwidXBkYXRlIjoxMjAwMDAwMDAwMDAwfX0="
        }
      ]
    },
    {
      "mode": "managed",
      "type": "google_project_service",
      "name": "sqladmin",
      "provider": "provider[\"registry.terraform.io/hashicorp/google\"]",
      "instances": [
        {
          "schema_version": 0,
          "attributes": {
            "disable_dependent_services": null,
            "disable_on_destroy": false,
            "id": "nse-data-engineering/sqladmin.googleapis.com",
            "project": "nse-data-engineering",
            "service": "sqladmin.googleapis.com",
            "timeouts": null
          },
          "sensitive_attributes": [],
          "private": "eyJlMmJmYjczMC1lY2FhLTExZTYtOGY4OC0zNDM2M2JjN2M0YzAiOnsiY3JlYXRlIjoxMjAwMDAwMDAwMDAwLCJkZWxldGUiOjEyMDAwMDAwMDAwMDAsInJlYWQiOjYwMDAwMDAwMDAwMCwidXBkYXRlIjoxMjAwMDAwMDAwMDAwfX0="
        }
      ]
    },
    {
      "mode": "managed",
      "type": "google_project_service",
      "name": "vpcaccess",
      "provider": "provider[\"registry.terraform.io/hashicorp/google\"]",
      "instances": [
        {
          "schema_version": 0,
          "attributes": {
            "disable_dependent_services": null,
            "disable_on_destroy": false,
            "id": "nse-data-engineering/vpcaccess.googleapis.com",
            "project": "nse-data-engineering",
            "service": "vpcaccess.googleapis.com",
            "timeouts": null
          },
          "sensitive_attributes": [],
          "private": "eyJlMmJmYjczMC1lY2FhLTExZTYtOGY4OC0zNDM2M2JjN2M0YzAiOnsiY3JlYXRlIjoxMjAwMDAwMDAwMDAwLCJkZWxldGUiOjEyMDAwMDAwMDAwMDAsInJlYWQiOjYwMDAwMDAwMDAwMCwidXBkYXRlIjoxMjAwMDAwMDAwMDAwfX0="
        }
      ]
    },
    {
      "mode": "managed",
      "type": "google_sql_database",
      "name": "database",
      "provider": "provider[\"registry.terraform.io/hashicorp/google\"]",
      "instances": [
        {
          "schema_version": 0,
          "attributes": {
            "charset": "UTF8",
            "collation": "en_US.UTF8",
            "deletion_policy": "DELETE",
            "id": "projects/nse-data-engineering/instances/nse-deploy-mage-db-instance/databases/nse-deploy-mage-db",
            "instance": "nse-deploy-mage-db-instance",
            "name": "nse-deploy-mage-db",
            "project": "nse-data-engineering",
            "self_link": "https://sqladmin.googleapis.com/sql/v1beta4/projects/nse-data-engineering/instances/nse-deploy-mage-db-instance/databases/nse-deploy-mage-db",
            "timeouts": null
          },
          "sensitive_attributes": [],
          "private": "eyJlMmJmYjczMC1lY2FhLTExZTYtOGY4OC0zNDM2M2JjN2M0YzAiOnsiY3JlYXRlIjoxMjAwMDAwMDAwMDAwLCJkZWxldGUiOjEyMDAwMDAwMDAwMDAsInVwZGF0ZSI6MTIwMDAwMDAwMDAwMH19",
          "dependencies": [
            "google_sql_database_instance.instance"
          ]
        }
      ]
    },
    {
      "mode": "managed",
      "type": "google_sql_user",
      "name": "database-user",
      "provider": "provider[\"registry.terraform.io/hashicorp/google\"]",
      "instances": [
        {
          "schema_version": 1,
          "attributes": {
            "deletion_policy": null,
            "host": "",
            "id": "mageuser//nse-deploy-mage-db-instance",
            "instance": "nse-deploy-mage-db-instance",
            "name": "mageuser",
            "password": "password",
            "password_policy": [],
            "project": "nse-data-engineering",
            "sql_server_user_details": [],
            "timeouts": null,
            "type": ""
          },
          "sensitive_attributes": [
            [
              {
                "type": "get_attr",
                "value": "password"
              }
            ]
          ],
          "private": "eyJlMmJmYjczMC1lY2FhLTExZTYtOGY4OC0zNDM2M2JjN2M0YzAiOnsiY3JlYXRlIjo2MDAwMDAwMDAwMDAsImRlbGV0ZSI6NjAwMDAwMDAwMDAwLCJ1cGRhdGUiOjYwMDAwMDAwMDAwMH0sInNjaGVtYV92ZXJzaW9uIjoiMSJ9",
          "dependencies": [
            "google_sql_database_instance.instance"
          ]
        }
      ]
    },
    {
      "module": "module.lb-http",
      "mode": "managed",
      "type": "google_compute_global_address",
      "name": "default",
      "provider": "provider[\"registry.terraform.io/hashicorp/google-beta\"]",
      "instances": [
        {
          "index_key": 0,
          "schema_version": 0,
          "attributes": {
            "address": "35.244.156.160",
            "address_type": "EXTERNAL",
            "creation_timestamp": "2024-03-23T10:01:46.709-07:00",
            "description": "",
            "id": "projects/nse-data-engineering/global/addresses/nse-deploy-mage-urlmap-address",
            "ip_version": "",
            "label_fingerprint": "tjR8I27v5HY=",
            "labels": {
              "example-label": "cloud-run-example"
            },
            "name": "nse-deploy-mage-urlmap-address",
            "network": "",
            "prefix_length": 0,
            "project": "nse-data-engineering",
            "purpose": "",
            "self_link": "https://www.googleapis.com/compute/v1/projects/nse-data-engineering/global/addresses/nse-deploy-mage-urlmap-address",
            "timeouts": null
          },
          "sensitive_attributes": [],
          "private": "eyJlMmJmYjczMC1lY2FhLTExZTYtOGY4OC0zNDM2M2JjN2M0YzAiOnsiY3JlYXRlIjoxMjAwMDAwMDAwMDAwLCJkZWxldGUiOjEyMDAwMDAwMDAwMDAsInVwZGF0ZSI6MTIwMDAwMDAwMDAwMH19"
        }
      ]
    },
    {
      "module": "module.lb-http",
      "mode": "managed",
      "type": "google_compute_url_map",
      "name": "https_redirect",
      "provider": "provider[\"registry.terraform.io/hashicorp/google\"]",
      "instances": []
    }
  ],
  "check_results": null
}
