{
  "version": 4,
  "terraform_version": "1.7.5",
  "serial": 131,
  "lineage": "3aa07278-fd50-0434-b06c-7560a19171ac",
  "outputs": {
    "service_ip": {
      "value": "34.36.1.50",
      "type": "string"
    }
  },
  "resources": [
    {
      "mode": "data",
      "type": "http",
      "name": "myip",
      "provider": "provider[\"registry.terraform.io/hashicorp/http\"]",
      "instances": [
        {
          "schema_version": 0,
          "attributes": {
            "body": "52.172.161.27\n",
            "ca_cert_pem": null,
            "id": "http://ipv4.icanhazip.com",
            "insecure": null,
            "method": null,
            "request_body": null,
            "request_headers": null,
            "request_timeout_ms": null,
            "response_body": "52.172.161.27\n",
            "response_body_base64": "NTIuMTcyLjE2MS4yNwo=",
            "response_headers": {
              "Access-Control-Allow-Methods": "GET",
              "Access-Control-Allow-Origin": "*",
              "Alt-Svc": "h3=\":443\"; ma=86400",
              "Cf-Ray": "86940756df1d318e-BOM",
              "Connection": "keep-alive",
              "Content-Length": "14",
              "Content-Type": "text/plain",
              "Date": "Sun, 24 Mar 2024 04:48:24 GMT",
              "Server": "cloudflare",
              "Set-Cookie": "__cf_bm=T.yRJkZPYKJF2kXE_RGF2292AeT9f.JowXZEGR1E0j8-1711255704-1.0.1.1-U5an2Lz7eRd4M1VA6o0J64Hsj0z8RNniV8GsHvxnxsLCNbvwCoyuxa2j44ZzkTtxDOEfKYAJU4eUAoQbFnEr4A; path=/; expires=Sun, 24-Mar-24 05:18:24 GMT; domain=.icanhazip.com; HttpOnly; SameSite=None",
              "Vary": "Accept-Encoding"
            },
            "retry": null,
            "status_code": 200,
            "url": "http://ipv4.icanhazip.com"
          },
          "sensitive_attributes": []
        }
      ]
    },
    {
      "mode": "managed",
      "type": "google_cloud_run_service",
      "name": "run_service",
      "provider": "provider[\"registry.terraform.io/hashicorp/google\"]",
      "instances": [
        {
          "schema_version": 1,
          "attributes": {
            "autogenerate_revision_name": true,
            "id": "locations/asia-south1/namespaces/nse-data-engineering/services/nse-deploy-mage",
            "location": "asia-south1",
            "metadata": [
              {
                "annotations": {
                  "run.googleapis.com/ingress": "internal-and-cloud-load-balancing",
                  "run.googleapis.com/ingress-status": "internal-and-cloud-load-balancing",
                  "run.googleapis.com/operation-id": "1a5373c8-ac71-457b-b9b6-6c570591b277",
                  "serving.knative.dev/creator": "terraform-runner@nse-data-engineering.iam.gserviceaccount.com",
                  "serving.knative.dev/lastModifier": "terraform-runner@nse-data-engineering.iam.gserviceaccount.com"
                },
                "generation": 1,
                "labels": {
                  "cloud.googleapis.com/location": "asia-south1",
                  "run.googleapis.com/satisfiesPzs": "true"
                },
                "namespace": "nse-data-engineering",
                "resource_version": "AAYUYNTQnNA",
                "self_link": "/apis/serving.knative.dev/v1/namespaces/862589633410/services/nse-deploy-mage",
                "uid": "5428831a-5c5c-4ba8-9101-b56b4c5fef74"
              }
            ],
            "name": "nse-deploy-mage",
            "project": "nse-data-engineering",
            "status": [
              {
                "conditions": [
                  {
                    "message": "",
                    "reason": "",
                    "status": "True",
                    "type": "Ready"
                  },
                  {
                    "message": "",
                    "reason": "",
                    "status": "True",
                    "type": "ConfigurationsReady"
                  },
                  {
                    "message": "",
                    "reason": "",
                    "status": "True",
                    "type": "RoutesReady"
                  }
                ],
                "latest_created_revision_name": "nse-deploy-mage-00001-t4q",
                "latest_ready_revision_name": "nse-deploy-mage-00001-t4q",
                "observed_generation": 1,
                "traffic": [
                  {
                    "latest_revision": true,
                    "percent": 100,
                    "revision_name": "nse-deploy-mage-00001-t4q",
                    "tag": "",
                    "url": ""
                  }
                ],
                "url": "https://nse-deploy-mage-obpcrly56q-el.a.run.app"
              }
            ],
            "template": [
              {
                "metadata": [
                  {
                    "annotations": {
                      "autoscaling.knative.dev/maxScale": "50",
                      "autoscaling.knative.dev/minScale": "1",
                      "run.googleapis.com/cloudsql-instances": "nse-data-engineering:asia-south1:nse-deploy-mage-db-instance",
                      "run.googleapis.com/cpu-throttling": "false",
                      "run.googleapis.com/execution-environment": "gen2",
                      "run.googleapis.com/vpc-access-connector": "projects/nse-data-engineering/locations/asia-south1/connectors/nse-deploy-mage-connector",
                      "run.googleapis.com/vpc-access-egress": "private-ranges-only"
                    },
                    "generation": 0,
                    "labels": {
                      "run.googleapis.com/startupProbeType": "Default"
                    },
                    "name": "",
                    "namespace": "",
                    "resource_version": "",
                    "self_link": "",
                    "uid": ""
                  }
                ],
                "spec": [
                  {
                    "container_concurrency": 80,
                    "containers": [
                      {
                        "args": null,
                        "command": null,
                        "env": [
                          {
                            "name": "FILESTORE_IP_ADDRESS",
                            "value": "10.67.78.66",
                            "value_from": []
                          },
                          {
                            "name": "FILE_SHARE_NAME",
                            "value": "share1",
                            "value_from": []
                          },
                          {
                            "name": "GCP_PROJECT_ID",
                            "value": "nse-data-engineering",
                            "value_from": []
                          },
                          {
                            "name": "GCP_REGION",
                            "value": "asia-south1",
                            "value_from": []
                          },
                          {
                            "name": "GCP_SERVICE_NAME",
                            "value": "nse-deploy-mage",
                            "value_from": []
                          },
                          {
                            "name": "MAGE_DATABASE_CONNECTION_URL",
                            "value": "postgresql://mageuser:password@/nse-deploy-mage-db?host=/cloudsql/nse-data-engineering:asia-south1:nse-deploy-mage-db-instance",
                            "value_from": []
                          },
                          {
                            "name": "ULIMIT_NO_FILE",
                            "value": "16384",
                            "value_from": []
                          }
                        ],
                        "env_from": [],
                        "image": "mageai/mageai:latest",
                        "liveness_probe": [],
                        "name": "",
                        "ports": [
                          {
                            "container_port": 6789,
                            "name": "http1",
                            "protocol": ""
                          }
                        ],
                        "resources": [
                          {
                            "limits": {
                              "cpu": "2000m",
                              "memory": "2G"
                            },
                            "requests": null
                          }
                        ],
                        "startup_probe": [
                          {
                            "failure_threshold": 1,
                            "grpc": [],
                            "http_get": [],
                            "initial_delay_seconds": 0,
                            "period_seconds": 240,
                            "tcp_socket": [
                              {
                                "port": 6789
                              }
                            ],
                            "timeout_seconds": 240
                          }
                        ],
                        "volume_mounts": [],
                        "working_dir": ""
                      }
                    ],
                    "service_account_name": "862589633410-compute@developer.gserviceaccount.com",
                    "serving_state": "",
                    "timeout_seconds": 300,
                    "volumes": []
                  }
                ]
              }
            ],
            "timeouts": null,
            "traffic": [
              {
                "latest_revision": true,
                "percent": 100,
                "revision_name": "",
                "tag": "",
                "url": ""
              }
            ]
          },
          "sensitive_attributes": [
            [
              {
                "type": "get_attr",
                "value": "template"
              },
              {
                "type": "index",
                "value": {
                  "value": 0,
                  "type": "number"
                }
              },
              {
                "type": "get_attr",
                "value": "spec"
              },
              {
                "type": "index",
                "value": {
                  "value": 0,
                  "type": "number"
                }
              },
              {
                "type": "get_attr",
                "value": "containers"
              },
              {
                "type": "index",
                "value": {
                  "value": 0,
                  "type": "number"
                }
              },
              {
                "type": "get_attr",
                "value": "env"
              }
            ]
          ],
          "private": "eyJlMmJmYjczMC1lY2FhLTExZTYtOGY4OC0zNDM2M2JjN2M0YzAiOnsiY3JlYXRlIjoxMjAwMDAwMDAwMDAwLCJkZWxldGUiOjEyMDAwMDAwMDAwMDAsInVwZGF0ZSI6MTIwMDAwMDAwMDAwMH0sInNjaGVtYV92ZXJzaW9uIjoiMSJ9",
          "dependencies": [
            "google_filestore_instance.instance",
            "google_project_service.cloudrun",
            "google_sql_database_instance.instance",
            "google_vpc_access_connector.connector"
          ]
        }
      ]
    },
    {
      "mode": "managed",
      "type": "google_cloud_run_service_iam_member",
      "name": "run_all_users",
      "provider": "provider[\"registry.terraform.io/hashicorp/google\"]",
      "instances": [
        {
          "schema_version": 0,
          "attributes": {
            "condition": [],
            "etag": "BwYUYNVSybM=",
            "id": "v1/projects/nse-data-engineering/locations/asia-south1/services/nse-deploy-mage/roles/run.invoker/allUsers",
            "location": "asia-south1",
            "member": "allUsers",
            "project": "nse-data-engineering",
            "role": "roles/run.invoker",
            "service": "v1/projects/nse-data-engineering/locations/asia-south1/services/nse-deploy-mage"
          },
          "sensitive_attributes": [],
          "private": "bnVsbA==",
          "dependencies": [
            "google_cloud_run_service.run_service",
            "google_filestore_instance.instance",
            "google_project_service.cloudrun",
            "google_sql_database_instance.instance",
            "google_vpc_access_connector.connector"
          ]
        }
      ]
    },
    {
      "mode": "managed",
      "type": "google_compute_region_network_endpoint_group",
      "name": "cloudrun_neg",
      "provider": "provider[\"registry.terraform.io/hashicorp/google\"]",
      "instances": [
        {
          "schema_version": 0,
          "attributes": {
            "app_engine": [],
            "cloud_function": [],
            "cloud_run": [
              {
                "service": "nse-deploy-mage",
                "tag": "",
                "url_mask": ""
              }
            ],
            "description": "",
            "id": "projects/nse-data-engineering/regions/asia-south1/networkEndpointGroups/nse-deploy-mage-neg",
            "name": "nse-deploy-mage-neg",
            "network": "",
            "network_endpoint_type": "SERVERLESS",
            "project": "nse-data-engineering",
            "psc_target_service": "",
            "region": "https://www.googleapis.com/compute/v1/projects/nse-data-engineering/regions/asia-south1",
            "self_link": "https://www.googleapis.com/compute/v1/projects/nse-data-engineering/regions/asia-south1/networkEndpointGroups/nse-deploy-mage-neg",
            "subnetwork": "",
            "timeouts": null
          },
          "sensitive_attributes": [],
          "private": "eyJlMmJmYjczMC1lY2FhLTExZTYtOGY4OC0zNDM2M2JjN2M0YzAiOnsiY3JlYXRlIjoxMjAwMDAwMDAwMDAwLCJkZWxldGUiOjEyMDAwMDAwMDAwMDB9fQ==",
          "dependencies": [
            "google_cloud_run_service.run_service",
            "google_filestore_instance.instance",
            "google_project_service.cloudrun",
            "google_sql_database_instance.instance",
            "google_vpc_access_connector.connector"
          ]
        }
      ]
    },
    {
      "mode": "managed",
      "type": "google_compute_security_policy",
      "name": "policy",
      "provider": "provider[\"registry.terraform.io/hashicorp/google\"]",
      "instances": [
        {
          "schema_version": 0,
          "attributes": {
            "adaptive_protection_config": [],
            "advanced_options_config": [],
            "description": "",
            "fingerprint": "om8V8sHjmWc=",
            "id": "projects/nse-data-engineering/global/securityPolicies/nse-deploy-mage-security-policy",
            "name": "nse-deploy-mage-security-policy",
            "project": "nse-data-engineering",
            "recaptcha_options_config": [],
            "rule": [
              {
                "action": "allow",
                "description": "Whitelist IP",
                "header_action": [],
                "match": [
                  {
                    "config": [
                      {
                        "src_ip_ranges": [
                          "52.172.161.27/32"
                        ]
                      }
                    ],
                    "expr": [],
                    "versioned_expr": "SRC_IPS_V1"
                  }
                ],
                "preview": false,
                "priority": 100,
                "rate_limit_options": [],
                "redirect_options": []
              },
              {
                "action": "deny(403)",
                "description": "default rule",
                "header_action": [],
                "match": [
                  {
                    "config": [
                      {
                        "src_ip_ranges": [
                          "*"
                        ]
                      }
                    ],
                    "expr": [],
                    "versioned_expr": "SRC_IPS_V1"
                  }
                ],
                "preview": false,
                "priority": 2147483647,
                "rate_limit_options": [],
                "redirect_options": []
              }
            ],
            "self_link": "https://www.googleapis.com/compute/v1/projects/nse-data-engineering/global/securityPolicies/nse-deploy-mage-security-policy",
            "timeouts": null,
            "type": "CLOUD_ARMOR"
          },
          "sensitive_attributes": [],
          "private": "eyJlMmJmYjczMC1lY2FhLTExZTYtOGY4OC0zNDM2M2JjN2M0YzAiOnsiY3JlYXRlIjo0ODAwMDAwMDAwMDAsImRlbGV0ZSI6NDgwMDAwMDAwMDAwLCJ1cGRhdGUiOjQ4MDAwMDAwMDAwMH19",
          "dependencies": [
            "data.http.myip"
          ]
        }
      ]
    },
    {
      "mode": "managed",
      "type": "google_filestore_instance",
      "name": "instance",
      "provider": "provider[\"registry.terraform.io/hashicorp/google\"]",
      "instances": [
        {
          "schema_version": 1,
          "attributes": {
            "create_time": "2024-03-24T04:48:30.884276180Z",
            "description": "",
            "etag": "",
            "file_shares": [
              {
                "capacity_gb": 1024,
                "name": "share1",
                "nfs_export_options": [],
                "source_backup": ""
              }
            ],
            "id": "projects/nse-data-engineering/locations/asia-south1-a/instances/nse-deploy-mage",
            "kms_key_name": "",
            "labels": null,
            "location": "asia-south1-a",
            "name": "nse-deploy-mage",
            "networks": [
              {
                "connect_mode": "DIRECT_PEERING",
                "ip_addresses": [
                  "10.67.78.66"
                ],
                "modes": [
                  "MODE_IPV4"
                ],
                "network": "default",
                "reserved_ip_range": ""
              }
            ],
            "project": "nse-data-engineering",
            "tier": "BASIC_HDD",
            "timeouts": null,
            "zone": null
          },
          "sensitive_attributes": [],
          "private": "eyJlMmJmYjczMC1lY2FhLTExZTYtOGY4OC0zNDM2M2JjN2M0YzAiOnsiY3JlYXRlIjoxMjAwMDAwMDAwMDAwLCJkZWxldGUiOjEyMDAwMDAwMDAwMDAsInVwZGF0ZSI6MTIwMDAwMDAwMDAwMH0sInNjaGVtYV92ZXJzaW9uIjoiMSJ9"
        }
      ]
    },
    {
      "mode": "managed",
      "type": "google_project_service",
      "name": "artifactregistry",
      "provider": "provider[\"registry.terraform.io/hashicorp/google\"]",
      "instances": [
        {
          "schema_version": 0,
          "attributes": {
            "disable_dependent_services": null,
            "disable_on_destroy": false,
            "id": "nse-data-engineering/artifactregistry.googleapis.com",
            "project": "nse-data-engineering",
            "service": "artifactregistry.googleapis.com",
            "timeouts": null
          },
          "sensitive_attributes": [],
          "private": "eyJlMmJmYjczMC1lY2FhLTExZTYtOGY4OC0zNDM2M2JjN2M0YzAiOnsiY3JlYXRlIjoxMjAwMDAwMDAwMDAwLCJkZWxldGUiOjEyMDAwMDAwMDAwMDAsInJlYWQiOjYwMDAwMDAwMDAwMCwidXBkYXRlIjoxMjAwMDAwMDAwMDAwfX0="
        }
      ]
    },
    {
      "mode": "managed",
      "type": "google_project_service",
      "name": "cloudrun",
      "provider": "provider[\"registry.terraform.io/hashicorp/google\"]",
      "instances": [
        {
          "schema_version": 0,
          "attributes": {
            "disable_dependent_services": null,
            "disable_on_destroy": false,
            "id": "nse-data-engineering/run.googleapis.com",
            "project": "nse-data-engineering",
            "service": "run.googleapis.com",
            "timeouts": null
          },
          "sensitive_attributes": [],
          "private": "eyJlMmJmYjczMC1lY2FhLTExZTYtOGY4OC0zNDM2M2JjN2M0YzAiOnsiY3JlYXRlIjoxMjAwMDAwMDAwMDAwLCJkZWxldGUiOjEyMDAwMDAwMDAwMDAsInJlYWQiOjYwMDAwMDAwMDAwMCwidXBkYXRlIjoxMjAwMDAwMDAwMDAwfX0="
        }
      ]
    },
    {
      "mode": "managed",
      "type": "google_project_service",
      "name": "iam",
      "provider": "provider[\"registry.terraform.io/hashicorp/google\"]",
      "instances": [
        {
          "schema_version": 0,
          "attributes": {
            "disable_dependent_services": null,
            "disable_on_destroy": false,
            "id": "nse-data-engineering/iam.googleapis.com",
            "project": "nse-data-engineering",
            "service": "iam.googleapis.com",
            "timeouts": null
          },
          "sensitive_attributes": [],
          "private": "eyJlMmJmYjczMC1lY2FhLTExZTYtOGY4OC0zNDM2M2JjN2M0YzAiOnsiY3JlYXRlIjoxMjAwMDAwMDAwMDAwLCJkZWxldGUiOjEyMDAwMDAwMDAwMDAsInJlYWQiOjYwMDAwMDAwMDAwMCwidXBkYXRlIjoxMjAwMDAwMDAwMDAwfX0="
        }
      ]
    },
    {
      "mode": "managed",
      "type": "google_project_service",
      "name": "resourcemanager",
      "provider": "provider[\"registry.terraform.io/hashicorp/google\"]",
      "instances": [
        {
          "schema_version": 0,
          "attributes": {
            "disable_dependent_services": null,
            "disable_on_destroy": false,
            "id": "nse-data-engineering/cloudresourcemanager.googleapis.com",
            "project": "nse-data-engineering",
            "service": "cloudresourcemanager.googleapis.com",
            "timeouts": null
          },
          "sensitive_attributes": [],
          "private": "eyJlMmJmYjczMC1lY2FhLTExZTYtOGY4OC0zNDM2M2JjN2M0YzAiOnsiY3JlYXRlIjoxMjAwMDAwMDAwMDAwLCJkZWxldGUiOjEyMDAwMDAwMDAwMDAsInJlYWQiOjYwMDAwMDAwMDAwMCwidXBkYXRlIjoxMjAwMDAwMDAwMDAwfX0="
        }
      ]
    },
    {
      "mode": "managed",
      "type": "google_project_service",
      "name": "secretmanager",
      "provider": "provider[\"registry.terraform.io/hashicorp/google\"]",
      "instances": [
        {
          "schema_version": 0,
          "attributes": {
            "disable_dependent_services": null,
            "disable_on_destroy": false,
            "id": "nse-data-engineering/secretmanager.googleapis.com",
            "project": "nse-data-engineering",
            "service": "secretmanager.googleapis.com",
            "timeouts": null
          },
          "sensitive_attributes": [],
          "private": "eyJlMmJmYjczMC1lY2FhLTExZTYtOGY4OC0zNDM2M2JjN2M0YzAiOnsiY3JlYXRlIjoxMjAwMDAwMDAwMDAwLCJkZWxldGUiOjEyMDAwMDAwMDAwMDAsInJlYWQiOjYwMDAwMDAwMDAwMCwidXBkYXRlIjoxMjAwMDAwMDAwMDAwfX0="
        }
      ]
    },
    {
      "mode": "managed",
      "type": "google_project_service",
      "name": "sqladmin",
      "provider": "provider[\"registry.terraform.io/hashicorp/google\"]",
      "instances": [
        {
          "schema_version": 0,
          "attributes": {
            "disable_dependent_services": null,
            "disable_on_destroy": false,
            "id": "nse-data-engineering/sqladmin.googleapis.com",
            "project": "nse-data-engineering",
            "service": "sqladmin.googleapis.com",
            "timeouts": null
          },
          "sensitive_attributes": [],
          "private": "eyJlMmJmYjczMC1lY2FhLTExZTYtOGY4OC0zNDM2M2JjN2M0YzAiOnsiY3JlYXRlIjoxMjAwMDAwMDAwMDAwLCJkZWxldGUiOjEyMDAwMDAwMDAwMDAsInJlYWQiOjYwMDAwMDAwMDAwMCwidXBkYXRlIjoxMjAwMDAwMDAwMDAwfX0="
        }
      ]
    },
    {
      "mode": "managed",
      "type": "google_project_service",
      "name": "vpcaccess",
      "provider": "provider[\"registry.terraform.io/hashicorp/google\"]",
      "instances": [
        {
          "schema_version": 0,
          "attributes": {
            "disable_dependent_services": null,
            "disable_on_destroy": false,
            "id": "nse-data-engineering/vpcaccess.googleapis.com",
            "project": "nse-data-engineering",
            "service": "vpcaccess.googleapis.com",
            "timeouts": null
          },
          "sensitive_attributes": [],
          "private": "eyJlMmJmYjczMC1lY2FhLTExZTYtOGY4OC0zNDM2M2JjN2M0YzAiOnsiY3JlYXRlIjoxMjAwMDAwMDAwMDAwLCJkZWxldGUiOjEyMDAwMDAwMDAwMDAsInJlYWQiOjYwMDAwMDAwMDAwMCwidXBkYXRlIjoxMjAwMDAwMDAwMDAwfX0="
        }
      ]
    },
    {
      "mode": "managed",
      "type": "google_sql_database",
      "name": "database",
      "provider": "provider[\"registry.terraform.io/hashicorp/google\"]",
      "instances": [
        {
          "schema_version": 0,
          "attributes": {
            "charset": "UTF8",
            "collation": "en_US.UTF8",
            "deletion_policy": "DELETE",
            "id": "projects/nse-data-engineering/instances/nse-deploy-mage-db-instance/databases/nse-deploy-mage-db",
            "instance": "nse-deploy-mage-db-instance",
            "name": "nse-deploy-mage-db",
            "project": "nse-data-engineering",
            "self_link": "https://sqladmin.googleapis.com/sql/v1beta4/projects/nse-data-engineering/instances/nse-deploy-mage-db-instance/databases/nse-deploy-mage-db",
            "timeouts": null
          },
          "sensitive_attributes": [],
          "private": "eyJlMmJmYjczMC1lY2FhLTExZTYtOGY4OC0zNDM2M2JjN2M0YzAiOnsiY3JlYXRlIjoxMjAwMDAwMDAwMDAwLCJkZWxldGUiOjEyMDAwMDAwMDAwMDAsInVwZGF0ZSI6MTIwMDAwMDAwMDAwMH19",
          "dependencies": [
            "google_sql_database_instance.instance"
          ]
        }
      ]
    },
    {
      "mode": "managed",
      "type": "google_sql_database_instance",
      "name": "instance",
      "provider": "provider[\"registry.terraform.io/hashicorp/google\"]",
      "instances": [
        {
          "schema_version": 0,
          "attributes": {
            "available_maintenance_versions": [],
            "clone": [],
            "connection_name": "nse-data-engineering:asia-south1:nse-deploy-mage-db-instance",
            "database_version": "POSTGRES_14",
            "deletion_protection": false,
            "dns_name": "",
            "encryption_key_name": null,
            "first_ip_address": "34.93.20.8",
            "id": "nse-deploy-mage-db-instance",
            "instance_type": "CLOUD_SQL_INSTANCE",
            "ip_address": [
              {
                "ip_address": "34.93.20.8",
                "time_to_retire": "",
                "type": "PRIMARY"
              },
              {
                "ip_address": "35.200.204.3",
                "time_to_retire": "",
                "type": "OUTGOING"
              }
            ],
            "maintenance_version": "POSTGRES_14_10.R20240130.00_07",
            "master_instance_name": "",
            "name": "nse-deploy-mage-db-instance",
            "private_ip_address": "",
            "project": "nse-data-engineering",
            "psc_service_attachment_link": "",
            "public_ip_address": "34.93.20.8",
            "region": "asia-south1",
            "replica_configuration": [],
            "restore_backup_context": [],
            "root_password": null,
            "self_link": "https://sqladmin.googleapis.com/sql/v1beta4/projects/nse-data-engineering/instances/nse-deploy-mage-db-instance",
            "server_ca_cert": [
              {
                "cert": "-----BEGIN CERTIFICATE-----\nMIIDfzCCAmegAwIBAgIBADANBgkqhkiG9w0BAQsFADB3MS0wKwYDVQQuEyRjOTA2\nMGIwMS0zZTc0LTRlMzQtOWE2My0xZTQzYjRjMDMwYmExIzAhBgNVBAMTGkdvb2ds\nZSBDbG91ZCBTUUwgU2VydmVyIENBMRQwEgYDVQQKEwtHb29nbGUsIEluYzELMAkG\nA1UEBhMCVVMwHhcNMjQwMzI0MDQwNzE4WhcNMzQwMzIyMDQwODE4WjB3MS0wKwYD\nVQQuEyRjOTA2MGIwMS0zZTc0LTRlMzQtOWE2My0xZTQzYjRjMDMwYmExIzAhBgNV\nBAMTGkdvb2dsZSBDbG91ZCBTUUwgU2VydmVyIENBMRQwEgYDVQQKEwtHb29nbGUs\nIEluYzELMAkGA1UEBhMCVVMwggEiMA0GCSqGSIb3DQEBAQUAA4IBDwAwggEKAoIB\nAQCq/aQ7K7uO0mAk+i6u7+iylO8VMr3BLkNvsGO7c4WNjaGpkd+W0oO5/62KkQml\n+kNBd1aHQ/QQO2GGJqGH5iIgNekDbDabaP6MvUF4yD5aDDRoY5rvoKp6wAEtM8/4\nCJNS42qaQ5CqL7thXsBzQt+yiQEM3PjKQKp+LLQmShORtYcijAIoFZ16Ntd1TuXL\nQWrIP+Py81fJdKjLakpX9hoWsp9lZC8x/uMuFlN5+4ULoIGZ1c+oOJ98UZ3m7NrR\nhusHTyXIgA8drApEodZtI9m5YiM2wFDvfoYVI4N4JKxW76pdnErpdYLK3AUzDsKa\nLQ6XhSy1rQeNuT6JPiLdQ00xAgMBAAGjFjAUMBIGA1UdEwEB/wQIMAYBAf8CAQAw\nDQYJKoZIhvcNAQELBQADggEBAGhQv2lpL0hSmQh4z6R1CFAqE+r+FuZKSIyNpMow\nxlheY3i2284dAAVwr3LXFli+QVnOZP1eNjzui2G3UyPA+307AYZLvbXIwWysJ8L4\nrevbtPIwCKhdfJ5TkF2YxosFj6R3Gr7qe0ibFqgIS2LbkOtsuc1PZCoMGdb8xL5h\nkPjKow6s32H9hvJb9QvX8YKgLgkKeNKoEU9ctyUAR2w1hz1NCl9OSnZIdHzfsB4q\nXxX/R3fxsx7LwykKlsa9uGhIU58s89fBo+cnMpJb/syhJ7qkhtsPO7JpbDccIVhB\n4KSWXnv8uEy1OfrTAYSsoBQ5xAnm7Z2vomgwT9YVvL1Hw8Q=\n-----END CERTIFICATE-----",
                "common_name": "C=US,O=Google\\, Inc,CN=Google Cloud SQL Server CA,dnQualifier=c9060b01-3e74-4e34-9a63-1e43b4c030ba",
                "create_time": "2024-03-24T04:07:18.128Z",
                "expiration_time": "2034-03-22T04:08:18.128Z",
                "sha1_fingerprint": "b41e4eb287af91b9aff74bb5c931c297c02b9d7d"
              }
            ],
            "service_account_email_address": "p862589633410-3dckab@gcp-sa-cloud-sql.iam.gserviceaccount.com",
            "settings": [
              {
                "activation_policy": "ALWAYS",
                "active_directory_config": [],
                "advanced_machine_features": [],
                "availability_type": "ZONAL",
                "backup_configuration": [
                  {
                    "backup_retention_settings": [
                      {
                        "retained_backups": 7,
                        "retention_unit": "COUNT"
                      }
                    ],
                    "binary_log_enabled": false,
                    "enabled": false,
                    "location": "",
                    "point_in_time_recovery_enabled": false,
                    "start_time": "19:00",
                    "transaction_log_retention_days": 7
                  }
                ],
                "collation": "",
                "connector_enforcement": "NOT_REQUIRED",
                "data_cache_config": [],
                "database_flags": [
                  {
                    "name": "max_connections",
                    "value": "50"
                  }
                ],
                "deletion_protection_enabled": false,
                "deny_maintenance_period": [],
                "disk_autoresize": true,
                "disk_autoresize_limit": 0,
                "disk_size": 10,
                "disk_type": "PD_SSD",
                "edition": "",
                "insights_config": [],
                "ip_configuration": [
                  {
                    "allocated_ip_range": "",
                    "authorized_networks": [],
                    "enable_private_path_for_google_cloud_services": false,
                    "ipv4_enabled": true,
                    "private_network": "",
                    "psc_config": [],
                    "require_ssl": false
                  }
                ],
                "location_preference": [
                  {
                    "follow_gae_application": "",
                    "secondary_zone": "",
                    "zone": "asia-south1-c"
                  }
                ],
                "maintenance_window": [],
                "password_validation_policy": [],
                "pricing_plan": "PER_USE",
                "sql_server_audit_config": [],
                "tier": "db-f1-micro",
                "time_zone": "",
                "user_labels": {},
                "version": 1
              }
            ],
            "timeouts": null
          },
          "sensitive_attributes": [],
          "private": "eyJlMmJmYjczMC1lY2FhLTExZTYtOGY4OC0zNDM2M2JjN2M0YzAiOnsiY3JlYXRlIjoyNDAwMDAwMDAwMDAwLCJkZWxldGUiOjE4MDAwMDAwMDAwMDAsInVwZGF0ZSI6MTgwMDAwMDAwMDAwMH19"
        }
      ]
    },
    {
      "mode": "managed",
      "type": "google_sql_user",
      "name": "database-user",
      "provider": "provider[\"registry.terraform.io/hashicorp/google\"]",
      "instances": [
        {
          "schema_version": 1,
          "attributes": {
            "deletion_policy": null,
            "host": "",
            "id": "mageuser//nse-deploy-mage-db-instance",
            "instance": "nse-deploy-mage-db-instance",
            "name": "mageuser",
            "password": "password",
            "password_policy": [],
            "project": "nse-data-engineering",
            "sql_server_user_details": [],
            "timeouts": null,
            "type": ""
          },
          "sensitive_attributes": [
            [
              {
                "type": "get_attr",
                "value": "password"
              }
            ]
          ],
          "private": "eyJlMmJmYjczMC1lY2FhLTExZTYtOGY4OC0zNDM2M2JjN2M0YzAiOnsiY3JlYXRlIjo2MDAwMDAwMDAwMDAsImRlbGV0ZSI6NjAwMDAwMDAwMDAwLCJ1cGRhdGUiOjYwMDAwMDAwMDAwMH0sInNjaGVtYV92ZXJzaW9uIjoiMSJ9",
          "dependencies": [
            "google_sql_database_instance.instance"
          ]
        }
      ]
    },
    {
      "mode": "managed",
      "type": "google_vpc_access_connector",
      "name": "connector",
      "provider": "provider[\"registry.terraform.io/hashicorp/google\"]",
      "instances": [
        {
          "schema_version": 0,
          "attributes": {
            "connected_projects": [
              "nse-data-engineering"
            ],
            "id": "projects/nse-data-engineering/locations/asia-south1/connectors/nse-deploy-mage-connector",
            "ip_cidr_range": "10.8.0.0/28",
            "machine_type": "e2-micro",
            "max_instances": 3,
            "max_throughput": 300,
            "min_instances": 2,
            "min_throughput": 200,
            "name": "nse-deploy-mage-connector",
            "network": "default",
            "project": "nse-data-engineering",
            "region": "asia-south1",
            "self_link": "projects/nse-data-engineering/locations/asia-south1/connectors/nse-deploy-mage-connector",
            "state": "READY",
            "subnet": [],
            "timeouts": null
          },
          "sensitive_attributes": [],
          "private": "eyJlMmJmYjczMC1lY2FhLTExZTYtOGY4OC0zNDM2M2JjN2M0YzAiOnsiY3JlYXRlIjoxMjAwMDAwMDAwMDAwLCJkZWxldGUiOjEyMDAwMDAwMDAwMDB9fQ=="
        }
      ]
    },
    {
      "module": "module.lb-http",
      "mode": "managed",
      "type": "google_compute_backend_service",
      "name": "default",
      "provider": "provider[\"registry.terraform.io/hashicorp/google-beta\"]",
      "instances": [
        {
          "index_key": "default",
          "schema_version": 1,
          "attributes": {
            "affinity_cookie_ttl_sec": 0,
            "backend": [
              {
                "balancing_mode": "UTILIZATION",
                "capacity_scaler": 1,
                "description": "",
                "group": "https://www.googleapis.com/compute/v1/projects/nse-data-engineering/regions/asia-south1/networkEndpointGroups/nse-deploy-mage-neg",
                "max_connections": 0,
                "max_connections_per_endpoint": 0,
                "max_connections_per_instance": 0,
                "max_rate": 0,
                "max_rate_per_endpoint": 0,
                "max_rate_per_instance": 0,
                "max_utilization": 0
              }
            ],
            "cdn_policy": [],
            "circuit_breakers": [],
            "compression_mode": "",
            "connection_draining_timeout_sec": 300,
            "consistent_hash": [],
            "creation_timestamp": "2024-03-23T21:53:23.913-07:00",
            "custom_request_headers": null,
            "custom_response_headers": null,
            "description": "",
            "edge_security_policy": "",
            "enable_cdn": false,
            "fingerprint": "PUqpMy2e7RE=",
            "generated_id": 8379581343391158060,
            "health_checks": null,
            "iap": [],
            "id": "projects/nse-data-engineering/global/backendServices/nse-deploy-mage-urlmap-backend-default",
            "load_balancing_scheme": "EXTERNAL",
            "locality_lb_policies": [],
            "locality_lb_policy": "",
            "log_config": [],
            "name": "nse-deploy-mage-urlmap-backend-default",
            "outlier_detection": [],
            "port_name": "http",
            "project": "nse-data-engineering",
            "protocol": "HTTP",
            "security_policy": "https://www.googleapis.com/compute/beta/projects/nse-data-engineering/global/securityPolicies/nse-deploy-mage-security-policy",
            "security_settings": [],
            "self_link": "https://www.googleapis.com/compute/v1/projects/nse-data-engineering/global/backendServices/nse-deploy-mage-urlmap-backend-default",
            "session_affinity": "NONE",
            "timeout_sec": 30,
            "timeouts": null
          },
          "sensitive_attributes": [],
          "private": "eyJlMmJmYjczMC1lY2FhLTExZTYtOGY4OC0zNDM2M2JjN2M0YzAiOnsiY3JlYXRlIjoxMjAwMDAwMDAwMDAwLCJkZWxldGUiOjEyMDAwMDAwMDAwMDAsInVwZGF0ZSI6MTIwMDAwMDAwMDAwMH0sInNjaGVtYV92ZXJzaW9uIjoiMSJ9",
          "dependencies": [
            "data.http.myip",
            "google_cloud_run_service.run_service",
            "google_compute_region_network_endpoint_group.cloudrun_neg",
            "google_compute_security_policy.policy",
            "google_filestore_instance.instance",
            "google_project_service.cloudrun",
            "google_sql_database_instance.instance",
            "google_vpc_access_connector.connector"
          ]
        }
      ]
    },
    {
      "module": "module.lb-http",
      "mode": "managed",
      "type": "google_compute_global_address",
      "name": "default",
      "provider": "provider[\"registry.terraform.io/hashicorp/google-beta\"]",
      "instances": [
        {
          "index_key": 0,
          "schema_version": 0,
          "attributes": {
            "address": "34.36.1.50",
            "address_type": "EXTERNAL",
            "creation_timestamp": "2024-03-23T21:48:29.191-07:00",
            "description": "",
            "id": "projects/nse-data-engineering/global/addresses/nse-deploy-mage-urlmap-address",
            "ip_version": "",
            "label_fingerprint": "tjR8I27v5HY=",
            "labels": {
              "example-label": "cloud-run-example"
            },
            "name": "nse-deploy-mage-urlmap-address",
            "network": "",
            "prefix_length": 0,
            "project": "nse-data-engineering",
            "purpose": "",
            "self_link": "https://www.googleapis.com/compute/v1/projects/nse-data-engineering/global/addresses/nse-deploy-mage-urlmap-address",
            "timeouts": null
          },
          "sensitive_attributes": [],
          "private": "eyJlMmJmYjczMC1lY2FhLTExZTYtOGY4OC0zNDM2M2JjN2M0YzAiOnsiY3JlYXRlIjoxMjAwMDAwMDAwMDAwLCJkZWxldGUiOjEyMDAwMDAwMDAwMDAsInVwZGF0ZSI6MTIwMDAwMDAwMDAwMH19"
        }
      ]
    },
    {
      "module": "module.lb-http",
      "mode": "managed",
      "type": "google_compute_global_forwarding_rule",
      "name": "http",
      "provider": "provider[\"registry.terraform.io/hashicorp/google-beta\"]",
      "instances": [
        {
          "index_key": 0,
          "schema_version": 0,
          "attributes": {
            "allow_psc_global_access": false,
            "base_forwarding_rule": "",
            "description": "",
            "id": "projects/nse-data-engineering/global/forwardingRules/nse-deploy-mage-urlmap",
            "ip_address": "34.36.1.50",
            "ip_protocol": "TCP",
            "ip_version": "",
            "label_fingerprint": "tjR8I27v5HY=",
            "labels": {
              "example-label": "cloud-run-example"
            },
            "load_balancing_scheme": "EXTERNAL",
            "metadata_filters": [],
            "name": "nse-deploy-mage-urlmap",
            "network": "",
            "no_automate_dns_zone": null,
            "port_range": "80-80",
            "project": "nse-data-engineering",
            "psc_connection_id": "",
            "psc_connection_status": "",
            "self_link": "https://www.googleapis.com/compute/v1/projects/nse-data-engineering/global/forwardingRules/nse-deploy-mage-urlmap",
            "source_ip_ranges": null,
            "subnetwork": "",
            "target": "https://www.googleapis.com/compute/beta/projects/nse-data-engineering/global/targetHttpProxies/nse-deploy-mage-urlmap-http-proxy",
            "timeouts": null
          },
          "sensitive_attributes": [],
          "private": "eyJlMmJmYjczMC1lY2FhLTExZTYtOGY4OC0zNDM2M2JjN2M0YzAiOnsiY3JlYXRlIjoxMjAwMDAwMDAwMDAwLCJkZWxldGUiOjEyMDAwMDAwMDAwMDAsInVwZGF0ZSI6MTIwMDAwMDAwMDAwMH19",
          "dependencies": [
            "data.http.myip",
            "google_cloud_run_service.run_service",
            "google_compute_region_network_endpoint_group.cloudrun_neg",
            "google_compute_security_policy.policy",
            "google_filestore_instance.instance",
            "google_project_service.cloudrun",
            "google_sql_database_instance.instance",
            "google_vpc_access_connector.connector",
            "module.lb-http.google_compute_backend_service.default",
            "module.lb-http.google_compute_global_address.default",
            "module.lb-http.google_compute_target_http_proxy.default",
            "module.lb-http.google_compute_url_map.default",
            "module.lb-http.google_compute_url_map.https_redirect"
          ]
        }
      ]
    },
    {
      "module": "module.lb-http",
      "mode": "managed",
      "type": "google_compute_target_http_proxy",
      "name": "default",
      "provider": "provider[\"registry.terraform.io/hashicorp/google\"]",
      "instances": [
        {
          "index_key": 0,
          "schema_version": 0,
          "attributes": {
            "creation_timestamp": "2024-03-23T21:54:21.535-07:00",
            "description": "",
            "http_keep_alive_timeout_sec": 0,
            "id": "projects/nse-data-engineering/global/targetHttpProxies/nse-deploy-mage-urlmap-http-proxy",
            "name": "nse-deploy-mage-urlmap-http-proxy",
            "project": "nse-data-engineering",
            "proxy_bind": false,
            "proxy_id": 3484047043814625042,
            "self_link": "https://www.googleapis.com/compute/v1/projects/nse-data-engineering/global/targetHttpProxies/nse-deploy-mage-urlmap-http-proxy",
            "timeouts": null,
            "url_map": "https://www.googleapis.com/compute/v1/projects/nse-data-engineering/global/urlMaps/nse-deploy-mage-urlmap-url-map"
          },
          "sensitive_attributes": [],
          "private": "eyJlMmJmYjczMC1lY2FhLTExZTYtOGY4OC0zNDM2M2JjN2M0YzAiOnsiY3JlYXRlIjoxMjAwMDAwMDAwMDAwLCJkZWxldGUiOjEyMDAwMDAwMDAwMDAsInVwZGF0ZSI6MTIwMDAwMDAwMDAwMH19",
          "dependencies": [
            "data.http.myip",
            "google_cloud_run_service.run_service",
            "google_compute_region_network_endpoint_group.cloudrun_neg",
            "google_compute_security_policy.policy",
            "google_filestore_instance.instance",
            "google_project_service.cloudrun",
            "google_sql_database_instance.instance",
            "google_vpc_access_connector.connector",
            "module.lb-http.google_compute_backend_service.default",
            "module.lb-http.google_compute_url_map.default",
            "module.lb-http.google_compute_url_map.https_redirect"
          ]
        }
      ]
    },
    {
      "module": "module.lb-http",
      "mode": "managed",
      "type": "google_compute_url_map",
      "name": "default",
      "provider": "provider[\"registry.terraform.io/hashicorp/google\"]",
      "instances": [
        {
          "index_key": 0,
          "schema_version": 0,
          "attributes": {
            "creation_timestamp": "2024-03-23T21:54:09.220-07:00",
            "default_route_action": [],
            "default_service": "https://www.googleapis.com/compute/v1/projects/nse-data-engineering/global/backendServices/nse-deploy-mage-urlmap-backend-default",
            "default_url_redirect": [],
            "description": "",
            "fingerprint": "YILJWjEoLnA=",
            "header_action": [],
            "host_rule": [],
            "id": "projects/nse-data-engineering/global/urlMaps/nse-deploy-mage-urlmap-url-map",
            "map_id": 9021895923006050078,
            "name": "nse-deploy-mage-urlmap-url-map",
            "path_matcher": [],
            "project": "nse-data-engineering",
            "self_link": "https://www.googleapis.com/compute/v1/projects/nse-data-engineering/global/urlMaps/nse-deploy-mage-urlmap-url-map",
            "test": [],
            "timeouts": null
          },
          "sensitive_attributes": [],
          "private": "eyJlMmJmYjczMC1lY2FhLTExZTYtOGY4OC0zNDM2M2JjN2M0YzAiOnsiY3JlYXRlIjoxMjAwMDAwMDAwMDAwLCJkZWxldGUiOjEyMDAwMDAwMDAwMDAsInVwZGF0ZSI6MTIwMDAwMDAwMDAwMH19",
          "dependencies": [
            "data.http.myip",
            "google_cloud_run_service.run_service",
            "google_compute_region_network_endpoint_group.cloudrun_neg",
            "google_compute_security_policy.policy",
            "google_filestore_instance.instance",
            "google_project_service.cloudrun",
            "google_sql_database_instance.instance",
            "google_vpc_access_connector.connector",
            "module.lb-http.google_compute_backend_service.default"
          ]
        }
      ]
    }
  ],
  "check_results": null
}
